
Microsoft Visual Studio Solution File, Format Version 12.00
# Visual Studio Version 16
VisualStudioVersion = 16.0.31702.278
MinimumVisualStudioVersion = 10.0.40219.1
Project("{FAE04EC0-301F-11D3-BF4B-00C04F79EFBC}") = "MasterMind", "MasterMind\MasterMind.csproj", "{C3DBCCE2-D232-4B75-A5C6-63C087DFCEAE}"
EndProject
Global
	GlobalSection(SolutionConfigurationPlatforms) = preSolution
		Debug|Any CPU = Debug|Any CPU
		Release|Any CPU = Release|Any CPU
	EndGlobalSection
	GlobalSection(ProjectConfigurationPlatforms) = postSolution
		{C3DBCCE2-D232-4B75-A5C6-63C087DFCEAE}.Debug|Any CPU.ActiveCfg = Debug|Any CPU
		{C3DBCCE2-D232-4B75-A5C6-63C087DFCEAE}.Debug|Any CPU.Build.0 = Debug|Any CPU
		{C3DBCCE2-D232-4B75-A5C6-63C087DFCEAE}.Release|Any CPU.ActiveCfg = Release|Any CPU
		{C3DBCCE2-D232-4B75-A5C6-63C087DFCEAE}.Release|Any CPU.Build.0 = Release|Any CPU
	EndGlobalSection
	GlobalSection(SolutionProperties) = preSolution
		HideSolutionNode = FALSE
	EndGlobalSection
	GlobalSection(ExtensibilityGlobals) = postSolution
		SolutionGuid = {97BE25FF-E974-4591-85DB-C57542227F83}
	EndGlobalSection
EndGlobal
